{
  "nodes": {
    "flakeUtils": {
      "inputs": {
        "systems": "systems"
      },
      "locked": {
        "lastModified": 1701680307,
        "narHash": "sha256-kAuep2h5ajznlPMD9rnQyffWG8EM/C73lejGofXvdM8=",
        "owner": "numtide",
        "repo": "flake-utils",
        "rev": "4022d587cbbfd70fe950c1e2083a02621806a725",
        "type": "github"
      },
      "original": {
        "owner": "numtide",
        "repo": "flake-utils",
        "type": "github"
      }
    },
    "flakeUtils_2": {
      "inputs": {
        "systems": "systems_2"
      },
      "locked": {
        "lastModified": 1705309234,
        "narHash": "sha256-uNRRNRKmJyCRC/8y1RqBkqWBLM034y4qN7EprSdmgyA=",
        "owner": "numtide",
        "repo": "flake-utils",
        "rev": "1ef2e671c3b0c19053962c07dbda38332dcebf26",
        "type": "github"
      },
      "original": {
        "owner": "numtide",
        "repo": "flake-utils",
        "type": "github"
      }
    },
    "home-manager": {
      "inputs": {
        "nixpkgs": [
          "nixpkgs"
        ]
      },
      "locked": {
        "lastModified": 1707467182,
        "narHash": "sha256-/Bw/xgCXfj4nXDd8Xq+r1kaorfsYkkomMf5w5MpsDyA=",
        "owner": "nix-community",
        "repo": "home-manager",
        "rev": "5b9156fa9a8b8beba917b8f9adbfd27bf63e16af",
        "type": "github"
      },
      "original": {
        "owner": "nix-community",
        "repo": "home-manager",
        "type": "github"
      }
    },
    "nixpkgs": {
      "locked": {
        "lastModified": 1707268954,
        "narHash": "sha256-2en1kvde3cJVc3ZnTy8QeD2oKcseLFjYPLKhIGDanQ0=",
        "owner": "nixos",
        "repo": "nixpkgs",
        "rev": "f8e2ebd66d097614d51a56a755450d4ae1632df1",
        "type": "github"
      },
      "original": {
        "owner": "nixos",
        "ref": "nixos-unstable",
        "repo": "nixpkgs",
        "type": "github"
      }
    },
    "nixpkgsUnstable": {
      "locked": {
        "lastModified": 1701693815,
        "narHash": "sha256-7BkrXykVWfkn6+c1EhFA3ko4MLi3gVG0p9G96PNnKTM=",
        "owner": "nixos",
        "repo": "nixpkgs",
        "rev": "09ec6a0881e1a36c29d67497693a67a16f4da573",
        "type": "github"
      },
      "original": {
        "owner": "nixos",
        "ref": "nixpkgs-unstable",
        "repo": "nixpkgs",
        "type": "github"
      }
    },
    "nixpkgsUnstable_2": {
      "locked": {
        "lastModified": 1706487304,
        "narHash": "sha256-LE8lVX28MV2jWJsidW13D2qrHU/RUUONendL2Q/WlJg=",
        "owner": "nixos",
        "repo": "nixpkgs",
        "rev": "90f456026d284c22b3e3497be980b2e47d0b28ac",
        "type": "github"
      },
      "original": {
        "owner": "nixos",
        "ref": "nixpkgs-unstable",
        "repo": "nixpkgs",
        "type": "github"
      }
    },
    "nixpkgs_2": {
      "locked": {
        "lastModified": 1702122345,
        "narHash": "sha256-RJ0Y4HxEisd2OPavpQVvTWhjtBamUAIi6f1WvshkAgw=",
        "owner": "nixos",
        "repo": "nixpkgs",
        "rev": "4e9c9542905ccb6ab6bd7dfab225874da5691d7b",
        "type": "github"
      },
      "original": {
        "owner": "nixos",
        "repo": "nixpkgs",
        "type": "github"
      }
    },
    "nixpkgs_3": {
      "locked": {
        "lastModified": 1706611563,
        "narHash": "sha256-mcjuNRhRmGNyg88PgKt6gRxSl2Yf4VBxlD0B/WBovSI=",
        "owner": "nixos",
        "repo": "nixpkgs",
        "rev": "7d14b72db9068699f9de57faf8ec5ebba6093849",
        "type": "github"
      },
      "original": {
        "owner": "nixos",
        "repo": "nixpkgs",
        "type": "github"
      }
    },
    "root": {
      "inputs": {
        "home-manager": "home-manager",
        "nixpkgs": "nixpkgs",
        "tmux-status-line": "tmux-status-line",
        "workspace": "workspace"
      }
    },
    "systems": {
      "locked": {
        "lastModified": 1681028828,
        "narHash": "sha256-Vy1rq5AaRuLzOxct8nz4T6wlgyUR7zLU309k9mBC768=",
        "owner": "nix-systems",
        "repo": "default",
        "rev": "da67096a3b9bf56a91d16901293e51ba5b49a27e",
        "type": "github"
      },
      "original": {
        "owner": "nix-systems",
        "repo": "default",
        "type": "github"
      }
    },
    "systems_2": {
      "locked": {
        "lastModified": 1681028828,
        "narHash": "sha256-Vy1rq5AaRuLzOxct8nz4T6wlgyUR7zLU309k9mBC768=",
        "owner": "nix-systems",
        "repo": "default",
        "rev": "da67096a3b9bf56a91d16901293e51ba5b49a27e",
        "type": "github"
      },
      "original": {
        "owner": "nix-systems",
        "repo": "default",
        "type": "github"
      }
    },
    "tmux-status-line": {
      "inputs": {
        "flakeUtils": "flakeUtils",
        "nixpkgs": "nixpkgs_2",
        "nixpkgsUnstable": "nixpkgsUnstable"
      },
      "locked": {
        "lastModified": 1707824253,
        "narHash": "sha256-vxNYPOQFnjQN+lm1/Zc1qBC1A2LT/ADPd8rwBE63yHk=",
        "owner": "PumpedSardines",
        "repo": "tmux-status-line",
        "rev": "4d264e5a341b8e532605914a5f78b50437985b01",
        "type": "github"
      },
      "original": {
        "owner": "PumpedSardines",
        "ref": "4d264e5",
        "repo": "tmux-status-line",
        "type": "github"
      }
    },
    "workspace": {
      "inputs": {
        "flakeUtils": "flakeUtils_2",
        "nixpkgs": "nixpkgs_3",
        "nixpkgsUnstable": "nixpkgsUnstable_2"
      },
      "locked": {
        "lastModified": 1710144871,
        "narHash": "sha256-JKsjrOS0fvAFMfJQcZWQq4XWP7aJl+eltT59Xu7Wza8=",
        "owner": "PumpedSardines",
        "repo": "workspace",
        "rev": "b49eb10e6b668c81833dc6cc94a504ff75ad0d37",
        "type": "github"
      },
      "original": {
        "owner": "PumpedSardines",
        "ref": "b49eb10",
        "repo": "workspace",
        "type": "github"
      }
    }
  },
  "root": "root",
  "version": 7
}
